
Microsoft Visual Studio Solution File, Format Version 12.00
# Visual Studio Version 16
VisualStudioVersion = 16.0.28803.202
MinimumVisualStudioVersion = 10.0.40219.1
Project("{FAE04EC0-301F-11D3-BF4B-00C04F79EFBC}") = "LORENATable", "LORENATable\LORENATable.csproj", "{27C9CA22-D5F1-47B4-A733-5D3A2BEEC501}"
EndProject
Global
	GlobalSection(SolutionConfigurationPlatforms) = preSolution
		Debug|Any CPU = Debug|Any CPU
		Release|Any CPU = Release|Any CPU
	EndGlobalSection
	GlobalSection(ProjectConfigurationPlatforms) = postSolution
		{27C9CA22-D5F1-47B4-A733-5D3A2BEEC501}.Debug|Any CPU.ActiveCfg = Debug|Any CPU
		{27C9CA22-D5F1-47B4-A733-5D3A2BEEC501}.Debug|Any CPU.Build.0 = Debug|Any CPU
		{27C9CA22-D5F1-47B4-A733-5D3A2BEEC501}.Release|Any CPU.ActiveCfg = Release|Any CPU
		{27C9CA22-D5F1-47B4-A733-5D3A2BEEC501}.Release|Any CPU.Build.0 = Release|Any CPU
	EndGlobalSection
	GlobalSection(SolutionProperties) = preSolution
		HideSolutionNode = FALSE
	EndGlobalSection
	GlobalSection(ExtensibilityGlobals) = postSolution
		SolutionGuid = {76DE0C20-D8F8-44B8-AE76-54EC8A0D739F}
	EndGlobalSection
EndGlobal
